
Microsoft Visual Studio Solution File, Format Version 11.00
# Visual Studio 2010
Project("{FAE04EC0-301F-11D3-BF4B-00C04F79EFBC}") = "AR_Media_Player", "Assembly-CSharp.csproj", "{EACEFA00-BD84-E258-0A07-7F40D0306669}"
EndProject
Project("{FAE04EC0-301F-11D3-BF4B-00C04F79EFBC}") = "AR_Media_Player", "Assembly-CSharp-Editor.csproj", "{FC994773-4897-8BDA-B06C-17E904662B8A}"
EndProject
Global
	GlobalSection(SolutionConfigurationPlatforms) = preSolution
		Debug|Any CPU = Debug|Any CPU
		Release|Any CPU = Release|Any CPU
	EndGlobalSection
	GlobalSection(ProjectConfigurationPlatforms) = postSolution
		{EACEFA00-BD84-E258-0A07-7F40D0306669}.Debug|Any CPU.ActiveCfg = Debug|Any CPU
		{EACEFA00-BD84-E258-0A07-7F40D0306669}.Debug|Any CPU.Build.0 = Debug|Any CPU
		{EACEFA00-BD84-E258-0A07-7F40D0306669}.Release|Any CPU.ActiveCfg = Release|Any CPU
		{EACEFA00-BD84-E258-0A07-7F40D0306669}.Release|Any CPU.Build.0 = Release|Any CPU
		{FC994773-4897-8BDA-B06C-17E904662B8A}.Debug|Any CPU.ActiveCfg = Debug|Any CPU
		{FC994773-4897-8BDA-B06C-17E904662B8A}.Debug|Any CPU.Build.0 = Debug|Any CPU
		{FC994773-4897-8BDA-B06C-17E904662B8A}.Release|Any CPU.ActiveCfg = Release|Any CPU
		{FC994773-4897-8BDA-B06C-17E904662B8A}.Release|Any CPU.Build.0 = Release|Any CPU
	EndGlobalSection
	GlobalSection(SolutionProperties) = preSolution
		HideSolutionNode = FALSE
	EndGlobalSection
	GlobalSection(MonoDevelopProperties) = preSolution
		StartupItem = Assembly-CSharp.csproj
	EndGlobalSection
EndGlobal
